// !$*UTF8*$!
{
	archiveVersion = 1;
	classes = {
	};
	objectVersion = 55;
	objects = {

/* Begin PBXBuildFile section */
		F22B0156283C18A100E04E6D /* onesystem_swiftuiApp.swift in Sources */ = {isa = PBXBuildFile; fileRef = F22B0155283C18A100E04E6D /* onesystem_swiftuiApp.swift */; };
		F22B0158283C18A100E04E6D /* ContentView.swift in Sources */ = {isa = PBXBuildFile; fileRef = F22B0157283C18A100E04E6D /* ContentView.swift */; };
		F22B015A283C18A900E04E6D /* Assets.xcassets in Resources */ = {isa = PBXBuildFile; fileRef = F22B0159283C18A900E04E6D /* Assets.xcassets */; };
		F22B015D283C18A900E04E6D /* Preview Assets.xcassets in Resources */ = {isa = PBXBuildFile; fileRef = F22B015C283C18A900E04E6D /* Preview Assets.xcassets */; };
		F22B0167283C18A900E04E6D /* onesystem_swiftuiTests.swift in Sources */ = {isa = PBXBuildFile; fileRef = F22B0166283C18A900E04E6D /* onesystem_swiftuiTests.swift */; };
		F22B0171283C18A900E04E6D /* onesystem_swiftuiUITests.swift in Sources */ = {isa = PBXBuildFile; fileRef = F22B0170283C18A900E04E6D /* onesystem_swiftuiUITests.swift */; };
		F22B0173283C18A900E04E6D /* onesystem_swiftuiUITestsLaunchTests.swift in Sources */ = {isa = PBXBuildFile; fileRef = F22B0172283C18A900E04E6D /* onesystem_swiftuiUITestsLaunchTests.swift */; };
/* End PBXBuildFile section */

/* Begin PBXContainerItemProxy section */
		F22B0163283C18A900E04E6D /* PBXContainerItemProxy */ = {
			isa = PBXContainerItemProxy;
			containerPortal = F22B014A283C18A100E04E6D /* Project object */;
			proxyType = 1;
			remoteGlobalIDString = F22B0151283C18A100E04E6D;
			remoteInfo = onesystem_swiftui;
		};
		F22B016D283C18A900E04E6D /* PBXContainerItemProxy */ = {
			isa = PBXContainerItemProxy;
			containerPortal = F22B014A283C18A100E04E6D /* Project object */;
			proxyType = 1;
			remoteGlobalIDString = F22B0151283C18A100E04E6D;
			remoteInfo = onesystem_swiftui;
		};
/* End PBXContainerItemProxy section */

/* Begin PBXFileReference section */
		F22B0152283C18A100E04E6D /* onesystem_swiftui.app */ = {isa = PBXFileReference; explicitFileType = wrapper.application; includeInIndex = 0; path = onesystem_swiftui.app; sourceTree = BUILT_PRODUCTS_DIR; };
		F22B0155283C18A100E04E6D /* onesystem_swiftuiApp.swift */ = {isa = PBXFileReference; lastKnownFileType = sourcecode.swift; path = onesystem_swiftuiApp.swift; sourceTree = "<group>"; };
		F22B0157283C18A100E04E6D /* ContentView.swift */ = {isa = PBXFileReference; lastKnownFileType = sourcecode.swift; path = ContentView.swift; sourceTree = "<group>"; };
		F22B0159283C18A900E04E6D /* Assets.xcassets */ = {isa = PBXFileReference; lastKnownFileType = folder.assetcatalog; path = Assets.xcassets; sourceTree = "<group>"; };
		F22B015C283C18A900E04E6D /* Preview Assets.xcassets */ = {isa = PBXFileReference; lastKnownFileType = folder.assetcatalog; path = "Preview Assets.xcassets"; sourceTree = "<group>"; };
		F22B0162283C18A900E04E6D /* onesystem_swiftuiTests.xctest */ = {isa = PBXFileReference; explicitFileType = wrapper.cfbundle; includeInIndex = 0; path = onesystem_swiftuiTests.xctest; sourceTree = BUILT_PRODUCTS_DIR; };
		F22B0166283C18A900E04E6D /* onesystem_swiftuiTests.swift */ = {isa = PBXFileReference; lastKnownFileType = sourcecode.swift; path = onesystem_swiftuiTests.swift; sourceTree = "<group>"; };
		F22B016C283C18A900E04E6D /* onesystem_swiftuiUITests.xctest */ = {isa = PBXFileReference; explicitFileType = wrapper.cfbundle; includeInIndex = 0; path = onesystem_swiftuiUITests.xctest; sourceTree = BUILT_PRODUCTS_DIR; };
		F22B0170283C18A900E04E6D /* onesystem_swiftuiUITests.swift */ = {isa = PBXFileReference; lastKnownFileType = sourcecode.swift; path = onesystem_swiftuiUITests.swift; sourceTree = "<group>"; };
		F22B0172283C18A900E04E6D /* onesystem_swiftuiUITestsLaunchTests.swift */ = {isa = PBXFileReference; lastKnownFileType = sourcecode.swift; path = onesystem_swiftuiUITestsLaunchTests.swift; sourceTree = "<group>"; };
/* End PBXFileReference section */

/* Begin PBXFrameworksBuildPhase section */
		F22B014F283C18A100E04E6D /* Frameworks */ = {
			isa = PBXFrameworksBuildPhase;
			buildActionMask = 2147483647;
			files = (
			);
			runOnlyForDeploymentPostprocessing = 0;
		};
		F22B015F283C18A900E04E6D /* Frameworks */ = {
			isa = PBXFrameworksBuildPhase;
			buildActionMask = 2147483647;
			files = (
			);
			runOnlyForDeploymentPostprocessing = 0;
		};
		F22B0169283C18A900E04E6D /* Frameworks */ = {
			isa = PBXFrameworksBuildPhase;
			buildActionMask = 2147483647;
			files = (
			);
			runOnlyForDeploymentPostprocessing = 0;
		};
/* End PBXFrameworksBuildPhase section */

/* Begin PBXGroup section */
		F22B0149283C18A100E04E6D = {
			isa = PBXGroup;
			children = (
				F22B0154283C18A100E04E6D /* onesystem_swiftui */,
				F22B0165283C18A900E04E6D /* onesystem_swiftuiTests */,
				F22B016F283C18A900E04E6D /* onesystem_swiftuiUITests */,
				F22B0153283C18A100E04E6D /* Products */,
			);
			sourceTree = "<group>";
		};
		F22B0153283C18A100E04E6D /* Products */ = {
			isa = PBXGroup;
			children = (
				F22B0152283C18A100E04E6D /* onesystem_swiftui.app */,
				F22B0162283C18A900E04E6D /* onesystem_swiftuiTests.xctest */,
				F22B016C283C18A900E04E6D /* onesystem_swiftuiUITests.xctest */,
			);
			name = Products;
			sourceTree = "<group>";
		};
		F22B0154283C18A100E04E6D /* onesystem_swiftui */ = {
			isa = PBXGroup;
			children = (
				F22B0155283C18A100E04E6D /* onesystem_swiftuiApp.swift */,
				F22B0157283C18A100E04E6D /* ContentView.swift */,
				F22B0159283C18A900E04E6D /* Assets.xcassets */,
				F22B015B283C18A900E04E6D /* Preview Content */,
			);
			path = onesystem_swiftui;
			sourceTree = "<group>";
		};
		F22B015B283C18A900E04E6D /* Preview Content */ = {
			isa = PBXGroup;
			children = (
				F22B015C283C18A900E04E6D /* Preview Assets.xcassets */,
			);
			path = "Preview Content";
			sourceTree = "<group>";
		};
		F22B0165283C18A900E04E6D /* onesystem_swiftuiTests */ = {
			isa = PBXGroup;
			children = (
				F22B0166283C18A900E04E6D /* onesystem_swiftuiTests.swift */,
			);
			path = onesystem_swiftuiTests;
			sourceTree = "<group>";
		};
		F22B016F283C18A900E04E6D /* onesystem_swiftuiUITests */ = {
			isa = PBXGroup;
			children = (
				F22B0170283C18A900E04E6D /* onesystem_swiftuiUITests.swift */,
				F22B0172283C18A900E04E6D /* onesystem_swiftuiUITestsLaunchTests.swift */,
			);
			path = onesystem_swiftuiUITests;
			sourceTree = "<group>";
		};
/* End PBXGroup section */

/* Begin PBXNativeTarget section */
		F22B0151283C18A100E04E6D /* onesystem_swiftui */ = {
			isa = PBXNativeTarget;
			buildConfigurationList = F22B0176283C18A900E04E6D /* Build configuration list for PBXNativeTarget "onesystem_swiftui" */;
			buildPhases = (
				F22B014E283C18A100E04E6D /* Sources */,
				F22B014F283C18A100E04E6D /* Frameworks */,
				F22B0150283C18A100E04E6D /* Resources */,
			);
			buildRules = (
			);
			dependencies = (
			);
			name = onesystem_swiftui;
			productName = onesystem_swiftui;
			productReference = F22B0152283C18A100E04E6D /* onesystem_swiftui.app */;
			productType = "com.apple.product-type.application";
		};
		F22B0161283C18A900E04E6D /* onesystem_swiftuiTests */ = {
			isa = PBXNativeTarget;
			buildConfigurationList = F22B0179283C18A900E04E6D /* Build configuration list for PBXNativeTarget "onesystem_swiftuiTests" */;
			buildPhases = (
				F22B015E283C18A900E04E6D /* Sources */,
				F22B015F283C18A900E04E6D /* Frameworks */,
				F22B0160283C18A900E04E6D /* Resources */,
			);
			buildRules = (
			);
			dependencies = (
				F22B0164283C18A900E04E6D /* PBXTargetDependency */,
			);
			name = onesystem_swiftuiTests;
			productName = onesystem_swiftuiTests;
			productReference = F22B0162283C18A900E04E6D /* onesystem_swiftuiTests.xctest */;
			productType = "com.apple.product-type.bundle.unit-test";
		};
		F22B016B283C18A900E04E6D /* onesystem_swiftuiUITests */ = {
			isa = PBXNativeTarget;
			buildConfigurationList = F22B017C283C18A900E04E6D /* Build configuration list for PBXNativeTarget "onesystem_swiftuiUITests" */;
			buildPhases = (
				F22B0168283C18A900E04E6D /* Sources */,
				F22B0169283C18A900E04E6D /* Frameworks */,
				F22B016A283C18A900E04E6D /* Resources */,
			);
			buildRules = (
			);
			dependencies = (
				F22B016E283C18A900E04E6D /* PBXTargetDependency */,
			);
			name = onesystem_swiftuiUITests;
			productName = onesystem_swiftuiUITests;
			productReference = F22B016C283C18A900E04E6D /* onesystem_swiftuiUITests.xctest */;
			productType = "com.apple.product-type.bundle.ui-testing";
		};
/* End PBXNativeTarget section */

/* Begin PBXProject section */
		F22B014A283C18A100E04E6D /* Project object */ = {
			isa = PBXProject;
			attributes = {
				BuildIndependentTargetsInParallel = 1;
				LastSwiftUpdateCheck = 1330;
				LastUpgradeCheck = 1330;
				TargetAttributes = {
					F22B0151283C18A100E04E6D = {
						CreatedOnToolsVersion = 13.3.1;
					};
					F22B0161283C18A900E04E6D = {
						CreatedOnToolsVersion = 13.3.1;
						TestTargetID = F22B0151283C18A100E04E6D;
					};
					F22B016B283C18A900E04E6D = {
						CreatedOnToolsVersion = 13.3.1;
						TestTargetID = F22B0151283C18A100E04E6D;
					};
				};
			};
			buildConfigurationList = F22B014D283C18A100E04E6D /* Build configuration list for PBXProject "onesystem_swiftui" */;
			compatibilityVersion = "Xcode 13.0";
			developmentRegion = en;
			hasScannedForEncodings = 0;
			knownRegions = (
				en,
				Base,
			);
			mainGroup = F22B0149283C18A100E04E6D;
			productRefGroup = F22B0153283C18A100E04E6D /* Products */;
			projectDirPath = "";
			projectRoot = "";
			targets = (
				F22B0151283C18A100E04E6D /* onesystem_swiftui */,
				F22B0161283C18A900E04E6D /* onesystem_swiftuiTests */,
				F22B016B283C18A900E04E6D /* onesystem_swiftuiUITests */,
			);
		};
/* End PBXProject section */

/* Begin PBXResourcesBuildPhase section */
		F22B0150283C18A100E04E6D /* Resources */ = {
			isa = PBXResourcesBuildPhase;
			buildActionMask = 2147483647;
			files = (
				F22B015D283C18A900E04E6D /* Preview Assets.xcassets in Resources */,
				F22B015A283C18A900E04E6D /* Assets.xcassets in Resources */,
			);
			runOnlyForDeploymentPostprocessing = 0;
		};
		F22B0160283C18A900E04E6D /* Resources */ = {
			isa = PBXResourcesBuildPhase;
			buildActionMask = 2147483647;
			files = (
			);
			runOnlyForDeploymentPostprocessing = 0;
		};
		F22B016A283C18A900E04E6D /* Resources */ = {
			isa = PBXResourcesBuildPhase;
			buildActionMask = 2147483647;
			files = (
			);
			runOnlyForDeploymentPostprocessing = 0;
		};
/* End PBXResourcesBuildPhase section */

/* Begin PBXSourcesBuildPhase section */
		F22B014E283C18A100E04E6D /* Sources */ = {
			isa = PBXSourcesBuildPhase;
			buildActionMask = 2147483647;
			files = (
				F22B0158283C18A100E04E6D /* ContentView.swift in Sources */,
				F22B0156283C18A100E04E6D /* onesystem_swiftuiApp.swift in Sources */,
			);
			runOnlyForDeploymentPostprocessing = 0;
		};
		F22B015E283C18A900E04E6D /* Sources */ = {
			isa = PBXSourcesBuildPhase;
			buildActionMask = 2147483647;
			files = (
				F22B0167283C18A900E04E6D /* onesystem_swiftuiTests.swift in Sources */,
			);
			runOnlyForDeploymentPostprocessing = 0;
		};
		F22B0168283C18A900E04E6D /* Sources */ = {
			isa = PBXSourcesBuildPhase;
			buildActionMask = 2147483647;
			files = (
				F22B0173283C18A900E04E6D /* onesystem_swiftuiUITestsLaunchTests.swift in Sources */,
				F22B0171283C18A900E04E6D /* onesystem_swiftuiUITests.swift in Sources */,
			);
			runOnlyForDeploymentPostprocessing = 0;
		};
/* End PBXSourcesBuildPhase section */

/* Begin PBXTargetDependency section */
		F22B0164283C18A900E04E6D /* PBXTargetDependency */ = {
			isa = PBXTargetDependency;
			target = F22B0151283C18A100E04E6D /* onesystem_swiftui */;
			targetProxy = F22B0163283C18A900E04E6D /* PBXContainerItemProxy */;
		};
		F22B016E283C18A900E04E6D /* PBXTargetDependency */ = {
			isa = PBXTargetDependency;
			target = F22B0151283C18A100E04E6D /* onesystem_swiftui */;
			targetProxy = F22B016D283C18A900E04E6D /* PBXContainerItemProxy */;
		};
/* End PBXTargetDependency section */

/* Begin XCBuildConfiguration section */
		F22B0174283C18A900E04E6D /* Debug */ = {
			isa = XCBuildConfiguration;
			buildSettings = {
				ALWAYS_SEARCH_USER_PATHS = NO;
				CLANG_ANALYZER_NONNULL = YES;
				CLANG_ANALYZER_NUMBER_OBJECT_CONVERSION = YES_AGGRESSIVE;
				CLANG_CXX_LANGUAGE_STANDARD = "gnu++17";
				CLANG_ENABLE_MODULES = YES;
				CLANG_ENABLE_OBJC_ARC = YES;
				CLANG_ENABLE_OBJC_WEAK = YES;
				CLANG_WARN_BLOCK_CAPTURE_AUTORELEASING = YES;
				CLANG_WARN_BOOL_CONVERSION = YES;
				CLANG_WARN_COMMA = YES;
				CLANG_WARN_CONSTANT_CONVERSION = YES;
				CLANG_WARN_DEPRECATED_OBJC_IMPLEMENTATIONS = YES;
				CLANG_WARN_DIRECT_OBJC_ISA_USAGE = YES_ERROR;
				CLANG_WARN_DOCUMENTATION_COMMENTS = YES;
				CLANG_WARN_EMPTY_BODY = YES;
				CLANG_WARN_ENUM_CONVERSION = YES;
				CLANG_WARN_INFINITE_RECURSION = YES;
				CLANG_WARN_INT_CONVERSION = YES;
				CLANG_WARN_NON_LITERAL_NULL_CONVERSION = YES;
				CLANG_WARN_OBJC_IMPLICIT_RETAIN_SELF = YES;
				CLANG_WARN_OBJC_LITERAL_CONVERSION = YES;
				CLANG_WARN_OBJC_ROOT_CLASS = YES_ERROR;
				CLANG_WARN_QUOTED_INCLUDE_IN_FRAMEWORK_HEADER = YES;
				CLANG_WARN_RANGE_LOOP_ANALYSIS = YES;
				CLANG_WARN_STRICT_PROTOTYPES = YES;
				CLANG_WARN_SUSPICIOUS_MOVE = YES;
				CLANG_WARN_UNGUARDED_AVAILABILITY = YES_AGGRESSIVE;
				CLANG_WARN_UNREACHABLE_CODE = YES;
				CLANG_WARN__DUPLICATE_METHOD_MATCH = YES;
				COPY_PHASE_STRIP = NO;
				DEBUG_INFORMATION_FORMAT = dwarf;
				ENABLE_STRICT_OBJC_MSGSEND = YES;
				ENABLE_TESTABILITY = YES;
				GCC_C_LANGUAGE_STANDARD = gnu11;
				GCC_DYNAMIC_NO_PIC = NO;
				GCC_NO_COMMON_BLOCKS = YES;
				GCC_OPTIMIZATION_LEVEL = 0;
				GCC_PREPROCESSOR_DEFINITIONS = (
					"DEBUG=1",
					"$(inherited)",
				);
				GCC_WARN_64_TO_32_BIT_CONVERSION = YES;
				GCC_WARN_ABOUT_RETURN_TYPE = YES_ERROR;
				GCC_WARN_UNDECLARED_SELECTOR = YES;
				GCC_WARN_UNINITIALIZED_AUTOS = YES_AGGRESSIVE;
				GCC_WARN_UNUSED_FUNCTION = YES;
				GCC_WARN_UNUSED_VARIABLE = YES;
				IPHONEOS_DEPLOYMENT_TARGET = 15.4;
				MTL_ENABLE_DEBUG_INFO = INCLUDE_SOURCE;
				MTL_FAST_MATH = YES;
				ONLY_ACTIVE_ARCH = YES;
				SDKROOT = iphoneos;
				SWIFT_ACTIVE_COMPILATION_CONDITIONS = DEBUG;
				SWIFT_OPTIMIZATION_LEVEL = "-Onone";
			};
			name = Debug;
		};
		F22B0175283C18A900E04E6D /* Release */ = {
			isa = XCBuildConfiguration;
			buildSettings = {
				ALWAYS_SEARCH_USER_PATHS = NO;
				CLANG_ANALYZER_NONNULL = YES;
				CLANG_ANALYZER_NUMBER_OBJECT_CONVERSION = YES_AGGRESSIVE;
				CLANG_CXX_LANGUAGE_STANDARD = "gnu++17";
				CLANG_ENABLE_MODULES = YES;
				CLANG_ENABLE_OBJC_ARC = YES;
				CLANG_ENABLE_OBJC_WEAK = YES;
				CLANG_WARN_BLOCK_CAPTURE_AUTORELEASING = YES;
				CLANG_WARN_BOOL_CONVERSION = YES;
				CLANG_WARN_COMMA = YES;
				CLANG_WARN_CONSTANT_CONVERSION = YES;
				CLANG_WARN_DEPRECATED_OBJC_IMPLEMENTATIONS = YES;
				CLANG_WARN_DIRECT_OBJC_ISA_USAGE = YES_ERROR;
				CLANG_WARN_DOCUMENTATION_COMMENTS = YES;
				CLANG_WARN_EMPTY_BODY = YES;
				CLANG_WARN_ENUM_CONVERSION = YES;
				CLANG_WARN_INFINITE_RECURSION = YES;
				CLANG_WARN_INT_CONVERSION = YES;
				CLANG_WARN_NON_LITERAL_NULL_CONVERSION = YES;
				CLANG_WARN_OBJC_IMPLICIT_RETAIN_SELF = YES;
				CLANG_WARN_OBJC_LITERAL_CONVERSION = YES;
				CLANG_WARN_OBJC_ROOT_CLASS = YES_ERROR;
				CLANG_WARN_QUOTED_INCLUDE_IN_FRAMEWORK_HEADER = YES;
				CLANG_WARN_RANGE_LOOP_ANALYSIS = YES;
				CLANG_WARN_STRICT_PROTOTYPES = YES;
				CLANG_WARN_SUSPICIOUS_MOVE = YES;
				CLANG_WARN_UNGUARDED_AVAILABILITY = YES_AGGRESSIVE;
				CLANG_WARN_UNREACHABLE_CODE = YES;
				CLANG_WARN__DUPLICATE_METHOD_MATCH = YES;
				COPY_PHASE_STRIP = NO;
				DEBUG_INFORMATION_FORMAT = "dwarf-with-dsym";
				ENABLE_NS_ASSERTIONS = NO;
				ENABLE_STRICT_OBJC_MSGSEND = YES;
				GCC_C_LANGUAGE_STANDARD = gnu11;
				GCC_NO_COMMON_BLOCKS = YES;
				GCC_WARN_64_TO_32_BIT_CONVERSION = YES;
				GCC_WARN_ABOUT_RETURN_TYPE = YES_ERROR;
				GCC_WARN_UNDECLARED_SELECTOR = YES;
				GCC_WARN_UNINITIALIZED_AUTOS = YES_AGGRESSIVE;
				GCC_WARN_UNUSED_FUNCTION = YES;
				GCC_WARN_UNUSED_VARIABLE = YES;
				IPHONEOS_DEPLOYMENT_TARGET = 15.4;
				MTL_ENABLE_DEBUG_INFO = NO;
				MTL_FAST_MATH = YES;
				SDKROOT = iphoneos;
				SWIFT_COMPILATION_MODE = wholemodule;
				SWIFT_OPTIMIZATION_LEVEL = "-O";
				VALIDATE_PRODUCT = YES;
			};
			name = Release;
		};
		F22B0177283C18A900E04E6D /* Debug */ = {
			isa = XCBuildConfiguration;
			buildSettings = {
				ASSETCATALOG_COMPILER_APPICON_NAME = AppIcon;
				ASSETCATALOG_COMPILER_GLOBAL_ACCENT_COLOR_NAME = AccentColor;
				CODE_SIGN_STYLE = Automatic;
				CURRENT_PROJECT_VERSION = 1;
				DEVELOPMENT_ASSET_PATHS = "\"onesystem_swiftui/Preview Content\"";
				DEVELOPMENT_TEAM = 3W3X7FQCU6;
				ENABLE_PREVIEWS = YES;
				GENERATE_INFOPLIST_FILE = YES;
				INFOPLIST_KEY_UIApplicationSceneManifest_Generation = YES;
				INFOPLIST_KEY_UIApplicationSupportsIndirectInputEvents = YES;
				INFOPLIST_KEY_UILaunchScreen_Generation = YES;
				INFOPLIST_KEY_UISupportedInterfaceOrientations_iPad = "UIInterfaceOrientationPortrait UIInterfaceOrientationPortraitUpsideDown UIInterfaceOrientationLandscapeLeft UIInterfaceOrientationLandscapeRight";
				INFOPLIST_KEY_UISupportedInterfaceOrientations_iPhone = "UIInterfaceOrientationPortrait UIInterfaceOrientationLandscapeLeft UIInterfaceOrientationLandscapeRight";
				LD_RUNPATH_SEARCH_PATHS = (
					"$(inherited)",
					"@executable_path/Frameworks",
				);
				MARKETING_VERSION = 1.0;
				PRODUCT_BUNDLE_IDENTIFIER = "com.oguzkaba.onesystem-swiftui";
				PRODUCT_NAME = "$(TARGET_NAME)";
				SWIFT_EMIT_LOC_STRINGS = YES;
				SWIFT_VERSION = 5.0;
				TARGETED_DEVICE_FAMILY = "1,2";
			};
			name = Debug;
		};
		F22B0178283C18A900E04E6D /* Release */ = {
			isa = XCBuildConfiguration;
			buildSettings = {
				ASSETCATALOG_COMPILER_APPICON_NAME = AppIcon;
				ASSETCATALOG_COMPILER_GLOBAL_ACCENT_COLOR_NAME = AccentColor;
				CODE_SIGN_STYLE = Automatic;
				CURRENT_PROJECT_VERSION = 1;
				DEVELOPMENT_ASSET_PATHS = "\"onesystem_swiftui/Preview Content\"";
				DEVELOPMENT_TEAM = 3W3X7FQCU6;
				ENABLE_PREVIEWS = YES;
				GENERATE_INFOPLIST_FILE = YES;
				INFOPLIST_KEY_UIApplicationSceneManifest_Generation = YES;
				INFOPLIST_KEY_UIApplicationSupportsIndirectInputEvents = YES;
				INFOPLIST_KEY_UILaunchScreen_Generation = YES;
				INFOPLIST_KEY_UISupportedInterfaceOrientations_iPad = "UIInterfaceOrientationPortrait UIInterfaceOrientationPortraitUpsideDown UIInterfaceOrientationLandscapeLeft UIInterfaceOrientationLandscapeRight";
				INFOPLIST_KEY_UISupportedInterfaceOrientations_iPhone = "UIInterfaceOrientationPortrait UIInterfaceOrientationLandscapeLeft UIInterfaceOrientationLandscapeRight";
				LD_RUNPATH_SEARCH_PATHS = (
					"$(inherited)",
					"@executable_path/Frameworks",
				);
				MARKETING_VERSION = 1.0;
				PRODUCT_BUNDLE_IDENTIFIER = "com.oguzkaba.onesystem-swiftui";
				PRODUCT_NAME = "$(TARGET_NAME)";
				SWIFT_EMIT_LOC_STRINGS = YES;
				SWIFT_VERSION = 5.0;
				TARGETED_DEVICE_FAMILY = "1,2";
			};
			name = Release;
		};
		F22B017A283C18A900E04E6D /* Debug */ = {
			isa = XCBuildConfiguration;
			buildSettings = {
				ALWAYS_EMBED_SWIFT_STANDARD_LIBRARIES = YES;
				BUNDLE_LOADER = "$(TEST_HOST)";
				CODE_SIGN_STYLE = Automatic;
				CURRENT_PROJECT_VERSION = 1;
				DEVELOPMENT_TEAM = 3W3X7FQCU6;
				GENERATE_INFOPLIST_FILE = YES;
				IPHONEOS_DEPLOYMENT_TARGET = 15.4;
				MARKETING_VERSION = 1.0;
				PRODUCT_BUNDLE_IDENTIFIER = "com.oguzkaba.onesystem-swiftuiTests";
				PRODUCT_NAME = "$(TARGET_NAME)";
				SWIFT_EMIT_LOC_STRINGS = NO;
				SWIFT_VERSION = 5.0;
				TARGETED_DEVICE_FAMILY = "1,2";
				TEST_HOST = "$(BUILT_PRODUCTS_DIR)/onesystem_swiftui.app/onesystem_swiftui";
			};
			name = Debug;
		};
		F22B017B283C18A900E04E6D /* Release */ = {
			isa = XCBuildConfiguration;
			buildSettings = {
				ALWAYS_EMBED_SWIFT_STANDARD_LIBRARIES = YES;
				BUNDLE_LOADER = "$(TEST_HOST)";
				CODE_SIGN_STYLE = Automatic;
				CURRENT_PROJECT_VERSION = 1;
				DEVELOPMENT_TEAM = 3W3X7FQCU6;
				GENERATE_INFOPLIST_FILE = YES;
				IPHONEOS_DEPLOYMENT_TARGET = 15.4;
				MARKETING_VERSION = 1.0;
				PRODUCT_BUNDLE_IDENTIFIER = "com.oguzkaba.onesystem-swiftuiTests";
				PRODUCT_NAME = "$(TARGET_NAME)";
				SWIFT_EMIT_LOC_STRINGS = NO;
				SWIFT_VERSION = 5.0;
				TARGETED_DEVICE_FAMILY = "1,2";
				TEST_HOST = "$(BUILT_PRODUCTS_DIR)/onesystem_swiftui.app/onesystem_swiftui";
			};
			name = Release;
		};
		F22B017D283C18A900E04E6D /* Debug */ = {
			isa = XCBuildConfiguration;
			buildSettings = {
				ALWAYS_EMBED_SWIFT_STANDARD_LIBRARIES = YES;
				CODE_SIGN_STYLE = Automatic;
				CURRENT_PROJECT_VERSION = 1;
				DEVELOPMENT_TEAM = 3W3X7FQCU6;
				GENERATE_INFOPLIST_FILE = YES;
				MARKETING_VERSION = 1.0;
				PRODUCT_BUNDLE_IDENTIFIER = "com.oguzkaba.onesystem-swiftuiUITests";
				PRODUCT_NAME = "$(TARGET_NAME)";
				SWIFT_EMIT_LOC_STRINGS = NO;
				SWIFT_VERSION = 5.0;
				TARGETED_DEVICE_FAMILY = "1,2";
				TEST_TARGET_NAME = onesystem_swiftui;
			};
			name = Debug;
		};
		F22B017E283C18A900E04E6D /* Release */ = {
			isa = XCBuildConfiguration;
			buildSettings = {
				ALWAYS_EMBED_SWIFT_STANDARD_LIBRARIES = YES;
				CODE_SIGN_STYLE = Automatic;
				CURRENT_PROJECT_VERSION = 1;
				DEVELOPMENT_TEAM = 3W3X7FQCU6;
				GENERATE_INFOPLIST_FILE = YES;
				MARKETING_VERSION = 1.0;
				PRODUCT_BUNDLE_IDENTIFIER = "com.oguzkaba.onesystem-swiftuiUITests";
				PRODUCT_NAME = "$(TARGET_NAME)";
				SWIFT_EMIT_LOC_STRINGS = NO;
				SWIFT_VERSION = 5.0;
				TARGETED_DEVICE_FAMILY = "1,2";
				TEST_TARGET_NAME = onesystem_swiftui;
			};
			name = Release;
		};
/* End XCBuildConfiguration section */

/* Begin XCConfigurationList section */
		F22B014D283C18A100E04E6D /* Build configuration list for PBXProject "onesystem_swiftui" */ = {
			isa = XCConfigurationList;
			buildConfigurations = (
				F22B0174283C18A900E04E6D /* Debug */,
				F22B0175283C18A900E04E6D /* Release */,
			);
			defaultConfigurationIsVisible = 0;
			defaultConfigurationName = Release;
		};
		F22B0176283C18A900E04E6D /* Build configuration list for PBXNativeTarget "onesystem_swiftui" */ = {
			isa = XCConfigurationList;
			buildConfigurations = (
				F22B0177283C18A900E04E6D /* Debug */,
				F22B0178283C18A900E04E6D /* Release */,
			);
			defaultConfigurationIsVisible = 0;
			defaultConfigurationName = Release;
		};
		F22B0179283C18A900E04E6D /* Build configuration list for PBXNativeTarget "onesystem_swiftuiTests" */ = {
			isa = XCConfigurationList;
			buildConfigurations = (
				F22B017A283C18A900E04E6D /* Debug */,
				F22B017B283C18A900E04E6D /* Release */,
			);
			defaultConfigurationIsVisible = 0;
			defaultConfigurationName = Release;
		};
		F22B017C283C18A900E04E6D /* Build configuration list for PBXNativeTarget "onesystem_swiftuiUITests" */ = {
			isa = XCConfigurationList;
			buildConfigurations = (
				F22B017D283C18A900E04E6D /* Debug */,
				F22B017E283C18A900E04E6D /* Release */,
			);
			defaultConfigurationIsVisible = 0;
			defaultConfigurationName = Release;
		};
/* End XCConfigurationList section */
	};
	rootObject = F22B014A283C18A100E04E6D /* Project object */;
}
